
Microsoft Visual Studio Solution File, Format Version 12.00
# Visual Studio 15
Project("{FAE04EC0-301F-11D3-BF4B-00C04F79EFBC}") = "VCDiffSharp", "VCDiffSharp\VCDiffSharp.csproj", "{8E74B8D5-1B48-4545-9309-B75D9397279F}"
EndProject
Project("{2150E333-8FDC-42A3-9474-1A3956D46DE8}") = "Solution Items", "Solution Items", "{B5DF350A-B4AA-41D2-AAD5-72B11980FD13}"
	ProjectSection(SolutionItems) = preProject
		CMakeLists.txt = CMakeLists.txt
	EndProjectSection
EndProject
Project("{FAE04EC0-301F-11D3-BF4B-00C04F79EFBC}") = "VCDiffSharp.UntiTests", "VCDiffSharp.UntiTests\VCDiffSharp.UntiTests.csproj", "{F13BF825-7A33-4AA9-B1E4-708F52D66507}"
EndProject
Global
	GlobalSection(SolutionConfigurationPlatforms) = preSolution
		Debug|Any CPU = Debug|Any CPU
		Release|Any CPU = Release|Any CPU
	EndGlobalSection
	GlobalSection(ProjectConfigurationPlatforms) = postSolution
		{8E74B8D5-1B48-4545-9309-B75D9397279F}.Debug|Any CPU.ActiveCfg = Debug|Any CPU
		{8E74B8D5-1B48-4545-9309-B75D9397279F}.Debug|Any CPU.Build.0 = Debug|Any CPU
		{8E74B8D5-1B48-4545-9309-B75D9397279F}.Release|Any CPU.ActiveCfg = Release|Any CPU
		{8E74B8D5-1B48-4545-9309-B75D9397279F}.Release|Any CPU.Build.0 = Release|Any CPU
		{F13BF825-7A33-4AA9-B1E4-708F52D66507}.Debug|Any CPU.ActiveCfg = Debug|Any CPU
		{F13BF825-7A33-4AA9-B1E4-708F52D66507}.Debug|Any CPU.Build.0 = Debug|Any CPU
		{F13BF825-7A33-4AA9-B1E4-708F52D66507}.Release|Any CPU.ActiveCfg = Release|Any CPU
		{F13BF825-7A33-4AA9-B1E4-708F52D66507}.Release|Any CPU.Build.0 = Release|Any CPU
	EndGlobalSection
EndGlobal
